
Microsoft Visual Studio Solution File, Format Version 12.00
# Visual Studio Version 16
VisualStudioVersion = 16.0.30413.136
MinimumVisualStudioVersion = 10.0.40219.1
Project("{FAE04EC0-301F-11D3-BF4B-00C04F79EFBC}") = "EstoqueProperties", "EstoqueProperties\EstoqueProperties.csproj", "{3971603E-1A07-441B-8639-7A529E9C15B6}"
EndProject
Global
	GlobalSection(SolutionConfigurationPlatforms) = preSolution
		Debug|Any CPU = Debug|Any CPU
		Release|Any CPU = Release|Any CPU
	EndGlobalSection
	GlobalSection(ProjectConfigurationPlatforms) = postSolution
		{3971603E-1A07-441B-8639-7A529E9C15B6}.Debug|Any CPU.ActiveCfg = Debug|Any CPU
		{3971603E-1A07-441B-8639-7A529E9C15B6}.Debug|Any CPU.Build.0 = Debug|Any CPU
		{3971603E-1A07-441B-8639-7A529E9C15B6}.Release|Any CPU.ActiveCfg = Release|Any CPU
		{3971603E-1A07-441B-8639-7A529E9C15B6}.Release|Any CPU.Build.0 = Release|Any CPU
	EndGlobalSection
	GlobalSection(SolutionProperties) = preSolution
		HideSolutionNode = FALSE
	EndGlobalSection
	GlobalSection(ExtensibilityGlobals) = postSolution
		SolutionGuid = {B45B8FAC-0780-4A71-B0E0-E145E53A2346}
	EndGlobalSection
EndGlobal
