
Microsoft Visual Studio Solution File, Format Version 12.00
# Visual Studio Version 16
VisualStudioVersion = 16.0.30413.136
MinimumVisualStudioVersion = 10.0.40219.1
Project("{FAE04EC0-301F-11D3-BF4B-00C04F79EFBC}") = "Funcao", "Funcao\Funcao.csproj", "{F2C14EEB-308D-4E91-96FD-EA696627C6D2}"
EndProject
Global
	GlobalSection(SolutionConfigurationPlatforms) = preSolution
		Debug|Any CPU = Debug|Any CPU
		Release|Any CPU = Release|Any CPU
	EndGlobalSection
	GlobalSection(ProjectConfigurationPlatforms) = postSolution
		{F2C14EEB-308D-4E91-96FD-EA696627C6D2}.Debug|Any CPU.ActiveCfg = Debug|Any CPU
		{F2C14EEB-308D-4E91-96FD-EA696627C6D2}.Debug|Any CPU.Build.0 = Debug|Any CPU
		{F2C14EEB-308D-4E91-96FD-EA696627C6D2}.Release|Any CPU.ActiveCfg = Release|Any CPU
		{F2C14EEB-308D-4E91-96FD-EA696627C6D2}.Release|Any CPU.Build.0 = Release|Any CPU
	EndGlobalSection
	GlobalSection(SolutionProperties) = preSolution
		HideSolutionNode = FALSE
	EndGlobalSection
	GlobalSection(ExtensibilityGlobals) = postSolution
		SolutionGuid = {AC7BA7FB-4C7B-47ED-BEB4-7054B9E9C50E}
	EndGlobalSection
EndGlobal
