
Microsoft Visual Studio Solution File, Format Version 12.00
# Visual Studio Version 16
VisualStudioVersion = 16.0.30413.136
MinimumVisualStudioVersion = 10.0.40219.1
Project("{FAE04EC0-301F-11D3-BF4B-00C04F79EFBC}") = "SwitchCaseCurso", "SwitchCaseCurso\SwitchCaseCurso.csproj", "{E9765942-BEB4-4154-9DAE-AB09E1C972F6}"
EndProject
Global
	GlobalSection(SolutionConfigurationPlatforms) = preSolution
		Debug|Any CPU = Debug|Any CPU
		Release|Any CPU = Release|Any CPU
	EndGlobalSection
	GlobalSection(ProjectConfigurationPlatforms) = postSolution
		{E9765942-BEB4-4154-9DAE-AB09E1C972F6}.Debug|Any CPU.ActiveCfg = Debug|Any CPU
		{E9765942-BEB4-4154-9DAE-AB09E1C972F6}.Debug|Any CPU.Build.0 = Debug|Any CPU
		{E9765942-BEB4-4154-9DAE-AB09E1C972F6}.Release|Any CPU.ActiveCfg = Release|Any CPU
		{E9765942-BEB4-4154-9DAE-AB09E1C972F6}.Release|Any CPU.Build.0 = Release|Any CPU
	EndGlobalSection
	GlobalSection(SolutionProperties) = preSolution
		HideSolutionNode = FALSE
	EndGlobalSection
	GlobalSection(ExtensibilityGlobals) = postSolution
		SolutionGuid = {54C3D032-6A26-49AD-9457-816950D7425E}
	EndGlobalSection
EndGlobal
