
Microsoft Visual Studio Solution File, Format Version 12.00
# Visual Studio Version 16
VisualStudioVersion = 16.0.30413.136
MinimumVisualStudioVersion = 10.0.40219.1
Project("{FAE04EC0-301F-11D3-BF4B-00C04F79EFBC}") = "HerancaCurso", "HerancaCurso\HerancaCurso.csproj", "{AE372A7A-4F19-4E29-B548-837E61E43DBC}"
EndProject
Global
	GlobalSection(SolutionConfigurationPlatforms) = preSolution
		Debug|Any CPU = Debug|Any CPU
		Release|Any CPU = Release|Any CPU
	EndGlobalSection
	GlobalSection(ProjectConfigurationPlatforms) = postSolution
		{AE372A7A-4F19-4E29-B548-837E61E43DBC}.Debug|Any CPU.ActiveCfg = Debug|Any CPU
		{AE372A7A-4F19-4E29-B548-837E61E43DBC}.Debug|Any CPU.Build.0 = Debug|Any CPU
		{AE372A7A-4F19-4E29-B548-837E61E43DBC}.Release|Any CPU.ActiveCfg = Release|Any CPU
		{AE372A7A-4F19-4E29-B548-837E61E43DBC}.Release|Any CPU.Build.0 = Release|Any CPU
	EndGlobalSection
	GlobalSection(SolutionProperties) = preSolution
		HideSolutionNode = FALSE
	EndGlobalSection
	GlobalSection(ExtensibilityGlobals) = postSolution
		SolutionGuid = {D044248E-CE27-4171-8B8B-A6A6AB54DBA0}
	EndGlobalSection
EndGlobal
