
Microsoft Visual Studio Solution File, Format Version 12.00
# Visual Studio Version 16
VisualStudioVersion = 16.0.30413.136
MinimumVisualStudioVersion = 10.0.40219.1
Project("{FAE04EC0-301F-11D3-BF4B-00C04F79EFBC}") = "ExpressaoTernariaCurso", "ExpressaoTernariaCurso\ExpressaoTernariaCurso.csproj", "{1589C120-324C-4E24-A7B4-C56641810260}"
EndProject
Global
	GlobalSection(SolutionConfigurationPlatforms) = preSolution
		Debug|Any CPU = Debug|Any CPU
		Release|Any CPU = Release|Any CPU
	EndGlobalSection
	GlobalSection(ProjectConfigurationPlatforms) = postSolution
		{1589C120-324C-4E24-A7B4-C56641810260}.Debug|Any CPU.ActiveCfg = Debug|Any CPU
		{1589C120-324C-4E24-A7B4-C56641810260}.Debug|Any CPU.Build.0 = Debug|Any CPU
		{1589C120-324C-4E24-A7B4-C56641810260}.Release|Any CPU.ActiveCfg = Release|Any CPU
		{1589C120-324C-4E24-A7B4-C56641810260}.Release|Any CPU.Build.0 = Release|Any CPU
	EndGlobalSection
	GlobalSection(SolutionProperties) = preSolution
		HideSolutionNode = FALSE
	EndGlobalSection
	GlobalSection(ExtensibilityGlobals) = postSolution
		SolutionGuid = {4CB581F4-652D-4EFA-8E45-9B0F589015BA}
	EndGlobalSection
EndGlobal
